
Microsoft Visual Studio Solution File, Format Version 12.00
# Visual Studio Version 16
VisualStudioVersion = 16.0.30621.155
MinimumVisualStudioVersion = 10.0.40219.1
Project("{FAE04EC0-301F-11D3-BF4B-00C04F79EFBC}") = "List Leacture", "List Leacture.csproj", "{8BAB9118-945D-4333-82B0-B148AE07675A}"
EndProject
Global
	GlobalSection(SolutionConfigurationPlatforms) = preSolution
		Debug|Any CPU = Debug|Any CPU
		Release|Any CPU = Release|Any CPU
	EndGlobalSection
	GlobalSection(ProjectConfigurationPlatforms) = postSolution
		{8BAB9118-945D-4333-82B0-B148AE07675A}.Debug|Any CPU.ActiveCfg = Debug|Any CPU
		{8BAB9118-945D-4333-82B0-B148AE07675A}.Debug|Any CPU.Build.0 = Debug|Any CPU
		{8BAB9118-945D-4333-82B0-B148AE07675A}.Release|Any CPU.ActiveCfg = Release|Any CPU
		{8BAB9118-945D-4333-82B0-B148AE07675A}.Release|Any CPU.Build.0 = Release|Any CPU
	EndGlobalSection
	GlobalSection(SolutionProperties) = preSolution
		HideSolutionNode = FALSE
	EndGlobalSection
	GlobalSection(ExtensibilityGlobals) = postSolution
		SolutionGuid = {F2D5BCB8-38C0-49CD-808E-38A9B7E1AF8F}
	EndGlobalSection
EndGlobal
