
Microsoft Visual Studio Solution File, Format Version 12.00
# Visual Studio Version 16
VisualStudioVersion = 16.0.30621.155
MinimumVisualStudioVersion = 10.0.40219.1
Project("{FAE04EC0-301F-11D3-BF4B-00C04F79EFBC}") = "Iterations", "Iterations.csproj", "{F942D9F7-E70F-4E23-A37B-7D1CF22E4A15}"
EndProject
Global
	GlobalSection(SolutionConfigurationPlatforms) = preSolution
		Debug|Any CPU = Debug|Any CPU
		Release|Any CPU = Release|Any CPU
	EndGlobalSection
	GlobalSection(ProjectConfigurationPlatforms) = postSolution
		{F942D9F7-E70F-4E23-A37B-7D1CF22E4A15}.Debug|Any CPU.ActiveCfg = Debug|Any CPU
		{F942D9F7-E70F-4E23-A37B-7D1CF22E4A15}.Debug|Any CPU.Build.0 = Debug|Any CPU
		{F942D9F7-E70F-4E23-A37B-7D1CF22E4A15}.Release|Any CPU.ActiveCfg = Release|Any CPU
		{F942D9F7-E70F-4E23-A37B-7D1CF22E4A15}.Release|Any CPU.Build.0 = Release|Any CPU
	EndGlobalSection
	GlobalSection(SolutionProperties) = preSolution
		HideSolutionNode = FALSE
	EndGlobalSection
	GlobalSection(ExtensibilityGlobals) = postSolution
		SolutionGuid = {9FB8EE77-6092-4C3D-B967-AD26C4637147}
	EndGlobalSection
EndGlobal
