
Microsoft Visual Studio Solution File, Format Version 12.00
# Visual Studio Version 16
VisualStudioVersion = 16.0.30621.155
MinimumVisualStudioVersion = 10.0.40219.1
Project("{FAE04EC0-301F-11D3-BF4B-00C04F79EFBC}") = "StringBuilder Lecture", "StringBuilder Lecture.csproj", "{FC8164F9-A096-4DD9-BDDA-CB8BF5EABE8B}"
EndProject
Global
	GlobalSection(SolutionConfigurationPlatforms) = preSolution
		Debug|Any CPU = Debug|Any CPU
		Release|Any CPU = Release|Any CPU
	EndGlobalSection
	GlobalSection(ProjectConfigurationPlatforms) = postSolution
		{FC8164F9-A096-4DD9-BDDA-CB8BF5EABE8B}.Debug|Any CPU.ActiveCfg = Debug|Any CPU
		{FC8164F9-A096-4DD9-BDDA-CB8BF5EABE8B}.Debug|Any CPU.Build.0 = Debug|Any CPU
		{FC8164F9-A096-4DD9-BDDA-CB8BF5EABE8B}.Release|Any CPU.ActiveCfg = Release|Any CPU
		{FC8164F9-A096-4DD9-BDDA-CB8BF5EABE8B}.Release|Any CPU.Build.0 = Release|Any CPU
	EndGlobalSection
	GlobalSection(SolutionProperties) = preSolution
		HideSolutionNode = FALSE
	EndGlobalSection
	GlobalSection(ExtensibilityGlobals) = postSolution
		SolutionGuid = {63DD5A0D-2E9D-4DA0-B1EC-724FEDA92189}
	EndGlobalSection
EndGlobal
